
Microsoft Visual Studio Solution File, Format Version 12.00
# Visual Studio Version 16
VisualStudioVersion = 16.0.29519.87
MinimumVisualStudioVersion = 10.0.40219.1
Project("{9A19103F-16F7-4668-BE54-9A1E7A4F7556}") = "Medifii.ApiGateway", "Src\Gateways\WebApi-Gateway\Medifii.ApiGateway.csproj", "{4A47470B-EC25-458B-853A-943B9DC75226}"
EndProject
Project("{9A19103F-16F7-4668-BE54-9A1E7A4F7556}") = "Medifii.AuthService", "Src\Microservices\Auth-Service\Medifii.AuthService\Medifii.AuthService.csproj", "{5275364F-01A4-4F74-B780-7C470C254404}"
EndProject
Project("{2150E333-8FDC-42A3-9474-1A3956D46DE8}") = "Gateways", "Gateways", "{7581CA23-8E79-4E18-A02A-E3715C6B0609}"
EndProject
Project("{2150E333-8FDC-42A3-9474-1A3956D46DE8}") = "Services", "Services", "{402CFAF7-3F43-4E1B-A7B2-B49A2AED8289}"
EndProject
Project("{2150E333-8FDC-42A3-9474-1A3956D46DE8}") = "AuthService", "AuthService", "{36003DD3-6E91-4B7C-B7EF-70D735FAADAD}"
EndProject
Project("{2150E333-8FDC-42A3-9474-1A3956D46DE8}") = "ScraperService", "ScraperService", "{085C2C2F-34AC-4CE7-BBB4-D22090382D33}"
EndProject
Project("{9A19103F-16F7-4668-BE54-9A1E7A4F7556}") = "Medifii.ScraperService.Api", "Src\Microservices\Scraper-Service\Medifii.ScraperService.Api\Medifii.ScraperService.Api.csproj", "{E8105D80-399F-4700-863B-F75F1D8BC1A5}"
EndProject
Project("{9A19103F-16F7-4668-BE54-9A1E7A4F7556}") = "Medifii.ScraperService", "Src\Microservices\Scraper-Service\Medifii.ScraperService\Medifii.ScraperService.csproj", "{C7A61A0A-9E73-4ECE-B103-95CC750C2AA6}"
EndProject
Project("{2150E333-8FDC-42A3-9474-1A3956D46DE8}") = "ProductService", "ProductService", "{AEDF8A24-C7A2-4442-AF29-26CD74CE5452}"
EndProject
Project("{2150E333-8FDC-42A3-9474-1A3956D46DE8}") = "ProductService.DomainModel", "ProductService.DomainModel", "{4E7A3F36-3A4C-4B2E-9CAB-5CEB353B08F6}"
EndProject
Project("{2150E333-8FDC-42A3-9474-1A3956D46DE8}") = "ProductService.DomainService", "ProductService.DomainService", "{AE4E71A7-C1B5-4BE4-9744-9BF96D5DAC50}"
EndProject
Project("{2150E333-8FDC-42A3-9474-1A3956D46DE8}") = "ProductService.Business", "ProductService.Business", "{626EB991-0798-430D-8D1C-CCDD6311E7BA}"
EndProject
Project("{9A19103F-16F7-4668-BE54-9A1E7A4F7556}") = "Medifii.ProductService.Services", "Src\Microservices\Product-Service\ProductService.Business\Medifii.ProductService.Services\Medifii.ProductService.Services.csproj", "{2720F34A-D4EC-405E-B6F1-7D6EFD674F9F}"
EndProject
Project("{9A19103F-16F7-4668-BE54-9A1E7A4F7556}") = "Medifii.ProductService.Data", "Src\Microservices\Product-Service\ProductService.DomainModel\Medifii.ProductService.Data\Medifii.ProductService.Data.csproj", "{7EE74503-699F-46B5-857C-1B849DF4961B}"
EndProject
Project("{9A19103F-16F7-4668-BE54-9A1E7A4F7556}") = "Medifii.ProductService.Persistence", "Src\Microservices\Product-Service\ProductService.DomainModel\Medifii.ProductService.Persistance\Medifii.ProductService.Persistence.csproj", "{B01921CE-0A34-4298-A8C6-C7F846B75D19}"
EndProject
Project("{9A19103F-16F7-4668-BE54-9A1E7A4F7556}") = "Medifii.ProductService.Repositories", "Src\Microservices\Product-Service\ProductService.DomainService\Medifii.ProductService.Repositories\Medifii.ProductService.Repositories.csproj", "{8F1974F8-13FA-483D-A7D3-CDE095C0460E}"
EndProject
Project("{9A19103F-16F7-4668-BE54-9A1E7A4F7556}") = "Medifii.ProductService", "Src\Microservices\Product-Service\Medifii.ProductService\Medifii.ProductService.csproj", "{9831CA3C-C5F8-4AB5-8B4C-1867F7C0CCD6}"
EndProject
Project("{2150E333-8FDC-42A3-9474-1A3956D46DE8}") = "PharmacyService", "PharmacyService", "{FD5F8EC5-00A2-4E44-99BE-50B4AE831E8C}"
EndProject
Project("{2150E333-8FDC-42A3-9474-1A3956D46DE8}") = "PharmacyService.Business", "PharmacyService.Business", "{2C6C932A-0924-4473-8F04-0550699CA545}"
EndProject
Project("{2150E333-8FDC-42A3-9474-1A3956D46DE8}") = "PharmacyService.DomainModel", "PharmacyService.DomainModel", "{9CB30AC0-8533-4DAC-9D74-C42535C44B9E}"
EndProject
Project("{2150E333-8FDC-42A3-9474-1A3956D46DE8}") = "PharmacyService.DomainService", "PharmacyService.DomainService", "{A6CD23A1-9C5F-45EC-9C46-D696C9F991D0}"
EndProject
Project("{9A19103F-16F7-4668-BE54-9A1E7A4F7556}") = "Medifii.PharmacyService.Services", "Src\Microservices\Pharmacy-Service\PharmacyService.Business\Medifii.PharmacyService.Services\Medifii.PharmacyService.Services.csproj", "{95E5C397-95DB-49C4-B16F-92118F38B001}"
EndProject
Project("{9A19103F-16F7-4668-BE54-9A1E7A4F7556}") = "Medifii.PharmacyService.Data", "Src\Microservices\Pharmacy-Service\PharmacyService.DomainModel\Medifii.PharmacyService.Data\Medifii.PharmacyService.Data.csproj", "{542590FC-DF86-4D2F-8747-87BEA5A4C696}"
EndProject
Project("{9A19103F-16F7-4668-BE54-9A1E7A4F7556}") = "Medifii.PharmacyService.Persistence", "Src\Microservices\Pharmacy-Service\PharmacyService.DomainModel\Medifii.PharmacyService.Persistence\Medifii.PharmacyService.Persistence.csproj", "{29E11CA5-BE7D-4974-A84D-18E3D65C1427}"
EndProject
Project("{9A19103F-16F7-4668-BE54-9A1E7A4F7556}") = "Medifii.PharmacyService.Repositories", "Src\Microservices\Pharmacy-Service\PharmacyService.DomainService\Medifii.PharmacyService.Repositories\Medifii.PharmacyService.Repositories.csproj", "{A444B127-5D5E-4ED1-80B6-0843116C0B9A}"
EndProject
Project("{9A19103F-16F7-4668-BE54-9A1E7A4F7556}") = "Medifii.PharmacyService", "Src\Microservices\Pharmacy-Service\Medifii.PharmacyService\Medifii.PharmacyService.csproj", "{D66DA550-5312-4E3F-85BD-6F5ED2A93F9F}"
EndProject
Project("{2150E333-8FDC-42A3-9474-1A3956D46DE8}") = "SearchService", "SearchService", "{00B3E1E4-209B-4E66-8E24-5F836C54E1A6}"
EndProject
Project("{9A19103F-16F7-4668-BE54-9A1E7A4F7556}") = "Medifii.SearchService.Api", "Src\Microservices\Search-Service\Medifii.SearchService.Api\Medifii.SearchService.Api.csproj", "{BE3E7284-9930-4AAC-A47B-14F6C5639A06}"
EndProject
Project("{9A19103F-16F7-4668-BE54-9A1E7A4F7556}") = "Medifii.ScraperService.Tests", "Src\Microservices\Scraper-Service\Medifii.ScraperService.Tests\Medifii.ScraperService.Tests.csproj", "{3010E13D-035A-4633-AF3D-8DD7E0F3D28B}"
EndProject
Project("{FAE04EC0-301F-11D3-BF4B-00C04F79EFBC}") = "Medifii.SearchService", "Src\Microservices\Search-Service\Medifii.SearchService\Medifii.SearchService.csproj", "{6CC1A4C8-5461-492B-A93D-D9A4B02BF64D}"
EndProject
Global
	GlobalSection(SolutionConfigurationPlatforms) = preSolution
		Debug|Any CPU = Debug|Any CPU
		Debug|x64 = Debug|x64
		Debug|x86 = Debug|x86
		Release|Any CPU = Release|Any CPU
		Release|x64 = Release|x64
		Release|x86 = Release|x86
	EndGlobalSection
	GlobalSection(ProjectConfigurationPlatforms) = postSolution
		{4A47470B-EC25-458B-853A-943B9DC75226}.Debug|Any CPU.ActiveCfg = Debug|Any CPU
		{4A47470B-EC25-458B-853A-943B9DC75226}.Debug|Any CPU.Build.0 = Debug|Any CPU
		{4A47470B-EC25-458B-853A-943B9DC75226}.Debug|x64.ActiveCfg = Debug|Any CPU
		{4A47470B-EC25-458B-853A-943B9DC75226}.Debug|x64.Build.0 = Debug|Any CPU
		{4A47470B-EC25-458B-853A-943B9DC75226}.Debug|x86.ActiveCfg = Debug|Any CPU
		{4A47470B-EC25-458B-853A-943B9DC75226}.Debug|x86.Build.0 = Debug|Any CPU
		{4A47470B-EC25-458B-853A-943B9DC75226}.Release|Any CPU.ActiveCfg = Release|Any CPU
		{4A47470B-EC25-458B-853A-943B9DC75226}.Release|Any CPU.Build.0 = Release|Any CPU
		{4A47470B-EC25-458B-853A-943B9DC75226}.Release|x64.ActiveCfg = Release|Any CPU
		{4A47470B-EC25-458B-853A-943B9DC75226}.Release|x64.Build.0 = Release|Any CPU
		{4A47470B-EC25-458B-853A-943B9DC75226}.Release|x86.ActiveCfg = Release|Any CPU
		{4A47470B-EC25-458B-853A-943B9DC75226}.Release|x86.Build.0 = Release|Any CPU
		{5275364F-01A4-4F74-B780-7C470C254404}.Debug|Any CPU.ActiveCfg = Debug|Any CPU
		{5275364F-01A4-4F74-B780-7C470C254404}.Debug|Any CPU.Build.0 = Debug|Any CPU
		{5275364F-01A4-4F74-B780-7C470C254404}.Debug|x64.ActiveCfg = Debug|Any CPU
		{5275364F-01A4-4F74-B780-7C470C254404}.Debug|x64.Build.0 = Debug|Any CPU
		{5275364F-01A4-4F74-B780-7C470C254404}.Debug|x86.ActiveCfg = Debug|Any CPU
		{5275364F-01A4-4F74-B780-7C470C254404}.Debug|x86.Build.0 = Debug|Any CPU
		{5275364F-01A4-4F74-B780-7C470C254404}.Release|Any CPU.ActiveCfg = Release|Any CPU
		{5275364F-01A4-4F74-B780-7C470C254404}.Release|Any CPU.Build.0 = Release|Any CPU
		{5275364F-01A4-4F74-B780-7C470C254404}.Release|x64.ActiveCfg = Release|Any CPU
		{5275364F-01A4-4F74-B780-7C470C254404}.Release|x64.Build.0 = Release|Any CPU
		{5275364F-01A4-4F74-B780-7C470C254404}.Release|x86.ActiveCfg = Release|Any CPU
		{5275364F-01A4-4F74-B780-7C470C254404}.Release|x86.Build.0 = Release|Any CPU
		{E8105D80-399F-4700-863B-F75F1D8BC1A5}.Debug|Any CPU.ActiveCfg = Debug|Any CPU
		{E8105D80-399F-4700-863B-F75F1D8BC1A5}.Debug|Any CPU.Build.0 = Debug|Any CPU
		{E8105D80-399F-4700-863B-F75F1D8BC1A5}.Debug|x64.ActiveCfg = Debug|Any CPU
		{E8105D80-399F-4700-863B-F75F1D8BC1A5}.Debug|x64.Build.0 = Debug|Any CPU
		{E8105D80-399F-4700-863B-F75F1D8BC1A5}.Debug|x86.ActiveCfg = Debug|Any CPU
		{E8105D80-399F-4700-863B-F75F1D8BC1A5}.Debug|x86.Build.0 = Debug|Any CPU
		{E8105D80-399F-4700-863B-F75F1D8BC1A5}.Release|Any CPU.ActiveCfg = Release|Any CPU
		{E8105D80-399F-4700-863B-F75F1D8BC1A5}.Release|Any CPU.Build.0 = Release|Any CPU
		{E8105D80-399F-4700-863B-F75F1D8BC1A5}.Release|x64.ActiveCfg = Release|Any CPU
		{E8105D80-399F-4700-863B-F75F1D8BC1A5}.Release|x64.Build.0 = Release|Any CPU
		{E8105D80-399F-4700-863B-F75F1D8BC1A5}.Release|x86.ActiveCfg = Release|Any CPU
		{E8105D80-399F-4700-863B-F75F1D8BC1A5}.Release|x86.Build.0 = Release|Any CPU
		{C7A61A0A-9E73-4ECE-B103-95CC750C2AA6}.Debug|Any CPU.ActiveCfg = Debug|Any CPU
		{C7A61A0A-9E73-4ECE-B103-95CC750C2AA6}.Debug|Any CPU.Build.0 = Debug|Any CPU
		{C7A61A0A-9E73-4ECE-B103-95CC750C2AA6}.Debug|x64.ActiveCfg = Debug|Any CPU
		{C7A61A0A-9E73-4ECE-B103-95CC750C2AA6}.Debug|x64.Build.0 = Debug|Any CPU
		{C7A61A0A-9E73-4ECE-B103-95CC750C2AA6}.Debug|x86.ActiveCfg = Debug|Any CPU
		{C7A61A0A-9E73-4ECE-B103-95CC750C2AA6}.Debug|x86.Build.0 = Debug|Any CPU
		{C7A61A0A-9E73-4ECE-B103-95CC750C2AA6}.Release|Any CPU.ActiveCfg = Release|Any CPU
		{C7A61A0A-9E73-4ECE-B103-95CC750C2AA6}.Release|Any CPU.Build.0 = Release|Any CPU
		{C7A61A0A-9E73-4ECE-B103-95CC750C2AA6}.Release|x64.ActiveCfg = Release|Any CPU
		{C7A61A0A-9E73-4ECE-B103-95CC750C2AA6}.Release|x64.Build.0 = Release|Any CPU
		{C7A61A0A-9E73-4ECE-B103-95CC750C2AA6}.Release|x86.ActiveCfg = Release|Any CPU
		{C7A61A0A-9E73-4ECE-B103-95CC750C2AA6}.Release|x86.Build.0 = Release|Any CPU
		{2720F34A-D4EC-405E-B6F1-7D6EFD674F9F}.Debug|Any CPU.ActiveCfg = Debug|Any CPU
		{2720F34A-D4EC-405E-B6F1-7D6EFD674F9F}.Debug|Any CPU.Build.0 = Debug|Any CPU
		{2720F34A-D4EC-405E-B6F1-7D6EFD674F9F}.Debug|x64.ActiveCfg = Debug|Any CPU
		{2720F34A-D4EC-405E-B6F1-7D6EFD674F9F}.Debug|x64.Build.0 = Debug|Any CPU
		{2720F34A-D4EC-405E-B6F1-7D6EFD674F9F}.Debug|x86.ActiveCfg = Debug|Any CPU
		{2720F34A-D4EC-405E-B6F1-7D6EFD674F9F}.Debug|x86.Build.0 = Debug|Any CPU
		{2720F34A-D4EC-405E-B6F1-7D6EFD674F9F}.Release|Any CPU.ActiveCfg = Release|Any CPU
		{2720F34A-D4EC-405E-B6F1-7D6EFD674F9F}.Release|Any CPU.Build.0 = Release|Any CPU
		{2720F34A-D4EC-405E-B6F1-7D6EFD674F9F}.Release|x64.ActiveCfg = Release|Any CPU
		{2720F34A-D4EC-405E-B6F1-7D6EFD674F9F}.Release|x64.Build.0 = Release|Any CPU
		{2720F34A-D4EC-405E-B6F1-7D6EFD674F9F}.Release|x86.ActiveCfg = Release|Any CPU
		{2720F34A-D4EC-405E-B6F1-7D6EFD674F9F}.Release|x86.Build.0 = Release|Any CPU
		{7EE74503-699F-46B5-857C-1B849DF4961B}.Debug|Any CPU.ActiveCfg = Debug|Any CPU
		{7EE74503-699F-46B5-857C-1B849DF4961B}.Debug|Any CPU.Build.0 = Debug|Any CPU
		{7EE74503-699F-46B5-857C-1B849DF4961B}.Debug|x64.ActiveCfg = Debug|Any CPU
		{7EE74503-699F-46B5-857C-1B849DF4961B}.Debug|x64.Build.0 = Debug|Any CPU
		{7EE74503-699F-46B5-857C-1B849DF4961B}.Debug|x86.ActiveCfg = Debug|Any CPU
		{7EE74503-699F-46B5-857C-1B849DF4961B}.Debug|x86.Build.0 = Debug|Any CPU
		{7EE74503-699F-46B5-857C-1B849DF4961B}.Release|Any CPU.ActiveCfg = Release|Any CPU
		{7EE74503-699F-46B5-857C-1B849DF4961B}.Release|Any CPU.Build.0 = Release|Any CPU
		{7EE74503-699F-46B5-857C-1B849DF4961B}.Release|x64.ActiveCfg = Release|Any CPU
		{7EE74503-699F-46B5-857C-1B849DF4961B}.Release|x64.Build.0 = Release|Any CPU
		{7EE74503-699F-46B5-857C-1B849DF4961B}.Release|x86.ActiveCfg = Release|Any CPU
		{7EE74503-699F-46B5-857C-1B849DF4961B}.Release|x86.Build.0 = Release|Any CPU
		{B01921CE-0A34-4298-A8C6-C7F846B75D19}.Debug|Any CPU.ActiveCfg = Debug|Any CPU
		{B01921CE-0A34-4298-A8C6-C7F846B75D19}.Debug|Any CPU.Build.0 = Debug|Any CPU
		{B01921CE-0A34-4298-A8C6-C7F846B75D19}.Debug|x64.ActiveCfg = Debug|Any CPU
		{B01921CE-0A34-4298-A8C6-C7F846B75D19}.Debug|x64.Build.0 = Debug|Any CPU
		{B01921CE-0A34-4298-A8C6-C7F846B75D19}.Debug|x86.ActiveCfg = Debug|Any CPU
		{B01921CE-0A34-4298-A8C6-C7F846B75D19}.Debug|x86.Build.0 = Debug|Any CPU
		{B01921CE-0A34-4298-A8C6-C7F846B75D19}.Release|Any CPU.ActiveCfg = Release|Any CPU
		{B01921CE-0A34-4298-A8C6-C7F846B75D19}.Release|Any CPU.Build.0 = Release|Any CPU
		{B01921CE-0A34-4298-A8C6-C7F846B75D19}.Release|x64.ActiveCfg = Release|Any CPU
		{B01921CE-0A34-4298-A8C6-C7F846B75D19}.Release|x64.Build.0 = Release|Any CPU
		{B01921CE-0A34-4298-A8C6-C7F846B75D19}.Release|x86.ActiveCfg = Release|Any CPU
		{B01921CE-0A34-4298-A8C6-C7F846B75D19}.Release|x86.Build.0 = Release|Any CPU
		{8F1974F8-13FA-483D-A7D3-CDE095C0460E}.Debug|Any CPU.ActiveCfg = Debug|Any CPU
		{8F1974F8-13FA-483D-A7D3-CDE095C0460E}.Debug|Any CPU.Build.0 = Debug|Any CPU
		{8F1974F8-13FA-483D-A7D3-CDE095C0460E}.Debug|x64.ActiveCfg = Debug|Any CPU
		{8F1974F8-13FA-483D-A7D3-CDE095C0460E}.Debug|x64.Build.0 = Debug|Any CPU
		{8F1974F8-13FA-483D-A7D3-CDE095C0460E}.Debug|x86.ActiveCfg = Debug|Any CPU
		{8F1974F8-13FA-483D-A7D3-CDE095C0460E}.Debug|x86.Build.0 = Debug|Any CPU
		{8F1974F8-13FA-483D-A7D3-CDE095C0460E}.Release|Any CPU.ActiveCfg = Release|Any CPU
		{8F1974F8-13FA-483D-A7D3-CDE095C0460E}.Release|Any CPU.Build.0 = Release|Any CPU
		{8F1974F8-13FA-483D-A7D3-CDE095C0460E}.Release|x64.ActiveCfg = Release|Any CPU
		{8F1974F8-13FA-483D-A7D3-CDE095C0460E}.Release|x64.Build.0 = Release|Any CPU
		{8F1974F8-13FA-483D-A7D3-CDE095C0460E}.Release|x86.ActiveCfg = Release|Any CPU
		{8F1974F8-13FA-483D-A7D3-CDE095C0460E}.Release|x86.Build.0 = Release|Any CPU
		{9831CA3C-C5F8-4AB5-8B4C-1867F7C0CCD6}.Debug|Any CPU.ActiveCfg = Debug|Any CPU
		{9831CA3C-C5F8-4AB5-8B4C-1867F7C0CCD6}.Debug|Any CPU.Build.0 = Debug|Any CPU
		{9831CA3C-C5F8-4AB5-8B4C-1867F7C0CCD6}.Debug|x64.ActiveCfg = Debug|Any CPU
		{9831CA3C-C5F8-4AB5-8B4C-1867F7C0CCD6}.Debug|x64.Build.0 = Debug|Any CPU
		{9831CA3C-C5F8-4AB5-8B4C-1867F7C0CCD6}.Debug|x86.ActiveCfg = Debug|Any CPU
		{9831CA3C-C5F8-4AB5-8B4C-1867F7C0CCD6}.Debug|x86.Build.0 = Debug|Any CPU
		{9831CA3C-C5F8-4AB5-8B4C-1867F7C0CCD6}.Release|Any CPU.ActiveCfg = Release|Any CPU
		{9831CA3C-C5F8-4AB5-8B4C-1867F7C0CCD6}.Release|Any CPU.Build.0 = Release|Any CPU
		{9831CA3C-C5F8-4AB5-8B4C-1867F7C0CCD6}.Release|x64.ActiveCfg = Release|Any CPU
		{9831CA3C-C5F8-4AB5-8B4C-1867F7C0CCD6}.Release|x64.Build.0 = Release|Any CPU
		{9831CA3C-C5F8-4AB5-8B4C-1867F7C0CCD6}.Release|x86.ActiveCfg = Release|Any CPU
		{9831CA3C-C5F8-4AB5-8B4C-1867F7C0CCD6}.Release|x86.Build.0 = Release|Any CPU
		{95E5C397-95DB-49C4-B16F-92118F38B001}.Debug|Any CPU.ActiveCfg = Debug|Any CPU
		{95E5C397-95DB-49C4-B16F-92118F38B001}.Debug|Any CPU.Build.0 = Debug|Any CPU
		{95E5C397-95DB-49C4-B16F-92118F38B001}.Debug|x64.ActiveCfg = Debug|Any CPU
		{95E5C397-95DB-49C4-B16F-92118F38B001}.Debug|x64.Build.0 = Debug|Any CPU
		{95E5C397-95DB-49C4-B16F-92118F38B001}.Debug|x86.ActiveCfg = Debug|Any CPU
		{95E5C397-95DB-49C4-B16F-92118F38B001}.Debug|x86.Build.0 = Debug|Any CPU
		{95E5C397-95DB-49C4-B16F-92118F38B001}.Release|Any CPU.ActiveCfg = Release|Any CPU
		{95E5C397-95DB-49C4-B16F-92118F38B001}.Release|Any CPU.Build.0 = Release|Any CPU
		{95E5C397-95DB-49C4-B16F-92118F38B001}.Release|x64.ActiveCfg = Release|Any CPU
		{95E5C397-95DB-49C4-B16F-92118F38B001}.Release|x64.Build.0 = Release|Any CPU
		{95E5C397-95DB-49C4-B16F-92118F38B001}.Release|x86.ActiveCfg = Release|Any CPU
		{95E5C397-95DB-49C4-B16F-92118F38B001}.Release|x86.Build.0 = Release|Any CPU
		{542590FC-DF86-4D2F-8747-87BEA5A4C696}.Debug|Any CPU.ActiveCfg = Debug|Any CPU
		{542590FC-DF86-4D2F-8747-87BEA5A4C696}.Debug|Any CPU.Build.0 = Debug|Any CPU
		{542590FC-DF86-4D2F-8747-87BEA5A4C696}.Debug|x64.ActiveCfg = Debug|Any CPU
		{542590FC-DF86-4D2F-8747-87BEA5A4C696}.Debug|x64.Build.0 = Debug|Any CPU
		{542590FC-DF86-4D2F-8747-87BEA5A4C696}.Debug|x86.ActiveCfg = Debug|Any CPU
		{542590FC-DF86-4D2F-8747-87BEA5A4C696}.Debug|x86.Build.0 = Debug|Any CPU
		{542590FC-DF86-4D2F-8747-87BEA5A4C696}.Release|Any CPU.ActiveCfg = Release|Any CPU
		{542590FC-DF86-4D2F-8747-87BEA5A4C696}.Release|Any CPU.Build.0 = Release|Any CPU
		{542590FC-DF86-4D2F-8747-87BEA5A4C696}.Release|x64.ActiveCfg = Release|Any CPU
		{542590FC-DF86-4D2F-8747-87BEA5A4C696}.Release|x64.Build.0 = Release|Any CPU
		{542590FC-DF86-4D2F-8747-87BEA5A4C696}.Release|x86.ActiveCfg = Release|Any CPU
		{542590FC-DF86-4D2F-8747-87BEA5A4C696}.Release|x86.Build.0 = Release|Any CPU
		{29E11CA5-BE7D-4974-A84D-18E3D65C1427}.Debug|Any CPU.ActiveCfg = Debug|Any CPU
		{29E11CA5-BE7D-4974-A84D-18E3D65C1427}.Debug|Any CPU.Build.0 = Debug|Any CPU
		{29E11CA5-BE7D-4974-A84D-18E3D65C1427}.Debug|x64.ActiveCfg = Debug|Any CPU
		{29E11CA5-BE7D-4974-A84D-18E3D65C1427}.Debug|x64.Build.0 = Debug|Any CPU
		{29E11CA5-BE7D-4974-A84D-18E3D65C1427}.Debug|x86.ActiveCfg = Debug|Any CPU
		{29E11CA5-BE7D-4974-A84D-18E3D65C1427}.Debug|x86.Build.0 = Debug|Any CPU
		{29E11CA5-BE7D-4974-A84D-18E3D65C1427}.Release|Any CPU.ActiveCfg = Release|Any CPU
		{29E11CA5-BE7D-4974-A84D-18E3D65C1427}.Release|Any CPU.Build.0 = Release|Any CPU
		{29E11CA5-BE7D-4974-A84D-18E3D65C1427}.Release|x64.ActiveCfg = Release|Any CPU
		{29E11CA5-BE7D-4974-A84D-18E3D65C1427}.Release|x64.Build.0 = Release|Any CPU
		{29E11CA5-BE7D-4974-A84D-18E3D65C1427}.Release|x86.ActiveCfg = Release|Any CPU
		{29E11CA5-BE7D-4974-A84D-18E3D65C1427}.Release|x86.Build.0 = Release|Any CPU
		{A444B127-5D5E-4ED1-80B6-0843116C0B9A}.Debug|Any CPU.ActiveCfg = Debug|Any CPU
		{A444B127-5D5E-4ED1-80B6-0843116C0B9A}.Debug|Any CPU.Build.0 = Debug|Any CPU
		{A444B127-5D5E-4ED1-80B6-0843116C0B9A}.Debug|x64.ActiveCfg = Debug|Any CPU
		{A444B127-5D5E-4ED1-80B6-0843116C0B9A}.Debug|x64.Build.0 = Debug|Any CPU
		{A444B127-5D5E-4ED1-80B6-0843116C0B9A}.Debug|x86.ActiveCfg = Debug|Any CPU
		{A444B127-5D5E-4ED1-80B6-0843116C0B9A}.Debug|x86.Build.0 = Debug|Any CPU
		{A444B127-5D5E-4ED1-80B6-0843116C0B9A}.Release|Any CPU.ActiveCfg = Release|Any CPU
		{A444B127-5D5E-4ED1-80B6-0843116C0B9A}.Release|Any CPU.Build.0 = Release|Any CPU
		{A444B127-5D5E-4ED1-80B6-0843116C0B9A}.Release|x64.ActiveCfg = Release|Any CPU
		{A444B127-5D5E-4ED1-80B6-0843116C0B9A}.Release|x64.Build.0 = Release|Any CPU
		{A444B127-5D5E-4ED1-80B6-0843116C0B9A}.Release|x86.ActiveCfg = Release|Any CPU
		{A444B127-5D5E-4ED1-80B6-0843116C0B9A}.Release|x86.Build.0 = Release|Any CPU
		{D66DA550-5312-4E3F-85BD-6F5ED2A93F9F}.Debug|Any CPU.ActiveCfg = Debug|Any CPU
		{D66DA550-5312-4E3F-85BD-6F5ED2A93F9F}.Debug|Any CPU.Build.0 = Debug|Any CPU
		{D66DA550-5312-4E3F-85BD-6F5ED2A93F9F}.Debug|x64.ActiveCfg = Debug|Any CPU
		{D66DA550-5312-4E3F-85BD-6F5ED2A93F9F}.Debug|x64.Build.0 = Debug|Any CPU
		{D66DA550-5312-4E3F-85BD-6F5ED2A93F9F}.Debug|x86.ActiveCfg = Debug|Any CPU
		{D66DA550-5312-4E3F-85BD-6F5ED2A93F9F}.Debug|x86.Build.0 = Debug|Any CPU
		{D66DA550-5312-4E3F-85BD-6F5ED2A93F9F}.Release|Any CPU.ActiveCfg = Release|Any CPU
		{D66DA550-5312-4E3F-85BD-6F5ED2A93F9F}.Release|Any CPU.Build.0 = Release|Any CPU
		{D66DA550-5312-4E3F-85BD-6F5ED2A93F9F}.Release|x64.ActiveCfg = Release|Any CPU
		{D66DA550-5312-4E3F-85BD-6F5ED2A93F9F}.Release|x64.Build.0 = Release|Any CPU
		{D66DA550-5312-4E3F-85BD-6F5ED2A93F9F}.Release|x86.ActiveCfg = Release|Any CPU
		{D66DA550-5312-4E3F-85BD-6F5ED2A93F9F}.Release|x86.Build.0 = Release|Any CPU
		{BE3E7284-9930-4AAC-A47B-14F6C5639A06}.Debug|Any CPU.ActiveCfg = Debug|Any CPU
		{BE3E7284-9930-4AAC-A47B-14F6C5639A06}.Debug|Any CPU.Build.0 = Debug|Any CPU
		{BE3E7284-9930-4AAC-A47B-14F6C5639A06}.Debug|x64.ActiveCfg = Debug|Any CPU
		{BE3E7284-9930-4AAC-A47B-14F6C5639A06}.Debug|x64.Build.0 = Debug|Any CPU
		{BE3E7284-9930-4AAC-A47B-14F6C5639A06}.Debug|x86.ActiveCfg = Debug|Any CPU
		{BE3E7284-9930-4AAC-A47B-14F6C5639A06}.Debug|x86.Build.0 = Debug|Any CPU
		{BE3E7284-9930-4AAC-A47B-14F6C5639A06}.Release|Any CPU.ActiveCfg = Release|Any CPU
		{BE3E7284-9930-4AAC-A47B-14F6C5639A06}.Release|Any CPU.Build.0 = Release|Any CPU
		{BE3E7284-9930-4AAC-A47B-14F6C5639A06}.Release|x64.ActiveCfg = Release|Any CPU
		{BE3E7284-9930-4AAC-A47B-14F6C5639A06}.Release|x64.Build.0 = Release|Any CPU
		{BE3E7284-9930-4AAC-A47B-14F6C5639A06}.Release|x86.ActiveCfg = Release|Any CPU
		{BE3E7284-9930-4AAC-A47B-14F6C5639A06}.Release|x86.Build.0 = Release|Any CPU
		{3010E13D-035A-4633-AF3D-8DD7E0F3D28B}.Debug|Any CPU.ActiveCfg = Debug|Any CPU
		{3010E13D-035A-4633-AF3D-8DD7E0F3D28B}.Debug|Any CPU.Build.0 = Debug|Any CPU
		{3010E13D-035A-4633-AF3D-8DD7E0F3D28B}.Debug|x64.ActiveCfg = Debug|Any CPU
		{3010E13D-035A-4633-AF3D-8DD7E0F3D28B}.Debug|x64.Build.0 = Debug|Any CPU
		{3010E13D-035A-4633-AF3D-8DD7E0F3D28B}.Debug|x86.ActiveCfg = Debug|Any CPU
		{3010E13D-035A-4633-AF3D-8DD7E0F3D28B}.Debug|x86.Build.0 = Debug|Any CPU
		{3010E13D-035A-4633-AF3D-8DD7E0F3D28B}.Release|Any CPU.ActiveCfg = Release|Any CPU
		{3010E13D-035A-4633-AF3D-8DD7E0F3D28B}.Release|Any CPU.Build.0 = Release|Any CPU
		{3010E13D-035A-4633-AF3D-8DD7E0F3D28B}.Release|x64.ActiveCfg = Release|Any CPU
		{3010E13D-035A-4633-AF3D-8DD7E0F3D28B}.Release|x64.Build.0 = Release|Any CPU
		{3010E13D-035A-4633-AF3D-8DD7E0F3D28B}.Release|x86.ActiveCfg = Release|Any CPU
		{3010E13D-035A-4633-AF3D-8DD7E0F3D28B}.Release|x86.Build.0 = Release|Any CPU
		{6CC1A4C8-5461-492B-A93D-D9A4B02BF64D}.Debug|Any CPU.ActiveCfg = Debug|Any CPU
		{6CC1A4C8-5461-492B-A93D-D9A4B02BF64D}.Debug|Any CPU.Build.0 = Debug|Any CPU
		{6CC1A4C8-5461-492B-A93D-D9A4B02BF64D}.Debug|x64.ActiveCfg = Debug|Any CPU
		{6CC1A4C8-5461-492B-A93D-D9A4B02BF64D}.Debug|x64.Build.0 = Debug|Any CPU
		{6CC1A4C8-5461-492B-A93D-D9A4B02BF64D}.Debug|x86.ActiveCfg = Debug|Any CPU
		{6CC1A4C8-5461-492B-A93D-D9A4B02BF64D}.Debug|x86.Build.0 = Debug|Any CPU
		{6CC1A4C8-5461-492B-A93D-D9A4B02BF64D}.Release|Any CPU.ActiveCfg = Release|Any CPU
		{6CC1A4C8-5461-492B-A93D-D9A4B02BF64D}.Release|Any CPU.Build.0 = Release|Any CPU
		{6CC1A4C8-5461-492B-A93D-D9A4B02BF64D}.Release|x64.ActiveCfg = Release|Any CPU
		{6CC1A4C8-5461-492B-A93D-D9A4B02BF64D}.Release|x64.Build.0 = Release|Any CPU
		{6CC1A4C8-5461-492B-A93D-D9A4B02BF64D}.Release|x86.ActiveCfg = Release|Any CPU
		{6CC1A4C8-5461-492B-A93D-D9A4B02BF64D}.Release|x86.Build.0 = Release|Any CPU
	EndGlobalSection
	GlobalSection(SolutionProperties) = preSolution
		HideSolutionNode = FALSE
	EndGlobalSection
	GlobalSection(NestedProjects) = preSolution
		{4A47470B-EC25-458B-853A-943B9DC75226} = {7581CA23-8E79-4E18-A02A-E3715C6B0609}
		{5275364F-01A4-4F74-B780-7C470C254404} = {36003DD3-6E91-4B7C-B7EF-70D735FAADAD}
		{36003DD3-6E91-4B7C-B7EF-70D735FAADAD} = {402CFAF7-3F43-4E1B-A7B2-B49A2AED8289}
		{085C2C2F-34AC-4CE7-BBB4-D22090382D33} = {402CFAF7-3F43-4E1B-A7B2-B49A2AED8289}
		{E8105D80-399F-4700-863B-F75F1D8BC1A5} = {085C2C2F-34AC-4CE7-BBB4-D22090382D33}
		{C7A61A0A-9E73-4ECE-B103-95CC750C2AA6} = {085C2C2F-34AC-4CE7-BBB4-D22090382D33}
		{AEDF8A24-C7A2-4442-AF29-26CD74CE5452} = {402CFAF7-3F43-4E1B-A7B2-B49A2AED8289}
		{4E7A3F36-3A4C-4B2E-9CAB-5CEB353B08F6} = {AEDF8A24-C7A2-4442-AF29-26CD74CE5452}
		{AE4E71A7-C1B5-4BE4-9744-9BF96D5DAC50} = {AEDF8A24-C7A2-4442-AF29-26CD74CE5452}
		{626EB991-0798-430D-8D1C-CCDD6311E7BA} = {AEDF8A24-C7A2-4442-AF29-26CD74CE5452}
		{2720F34A-D4EC-405E-B6F1-7D6EFD674F9F} = {626EB991-0798-430D-8D1C-CCDD6311E7BA}
		{7EE74503-699F-46B5-857C-1B849DF4961B} = {4E7A3F36-3A4C-4B2E-9CAB-5CEB353B08F6}
		{B01921CE-0A34-4298-A8C6-C7F846B75D19} = {4E7A3F36-3A4C-4B2E-9CAB-5CEB353B08F6}
		{8F1974F8-13FA-483D-A7D3-CDE095C0460E} = {AE4E71A7-C1B5-4BE4-9744-9BF96D5DAC50}
		{9831CA3C-C5F8-4AB5-8B4C-1867F7C0CCD6} = {AEDF8A24-C7A2-4442-AF29-26CD74CE5452}
		{FD5F8EC5-00A2-4E44-99BE-50B4AE831E8C} = {402CFAF7-3F43-4E1B-A7B2-B49A2AED8289}
		{2C6C932A-0924-4473-8F04-0550699CA545} = {FD5F8EC5-00A2-4E44-99BE-50B4AE831E8C}
		{9CB30AC0-8533-4DAC-9D74-C42535C44B9E} = {FD5F8EC5-00A2-4E44-99BE-50B4AE831E8C}
		{A6CD23A1-9C5F-45EC-9C46-D696C9F991D0} = {FD5F8EC5-00A2-4E44-99BE-50B4AE831E8C}
		{95E5C397-95DB-49C4-B16F-92118F38B001} = {2C6C932A-0924-4473-8F04-0550699CA545}
		{542590FC-DF86-4D2F-8747-87BEA5A4C696} = {9CB30AC0-8533-4DAC-9D74-C42535C44B9E}
		{29E11CA5-BE7D-4974-A84D-18E3D65C1427} = {9CB30AC0-8533-4DAC-9D74-C42535C44B9E}
		{A444B127-5D5E-4ED1-80B6-0843116C0B9A} = {A6CD23A1-9C5F-45EC-9C46-D696C9F991D0}
		{D66DA550-5312-4E3F-85BD-6F5ED2A93F9F} = {FD5F8EC5-00A2-4E44-99BE-50B4AE831E8C}
		{00B3E1E4-209B-4E66-8E24-5F836C54E1A6} = {402CFAF7-3F43-4E1B-A7B2-B49A2AED8289}
		{BE3E7284-9930-4AAC-A47B-14F6C5639A06} = {00B3E1E4-209B-4E66-8E24-5F836C54E1A6}
		{3010E13D-035A-4633-AF3D-8DD7E0F3D28B} = {085C2C2F-34AC-4CE7-BBB4-D22090382D33}
		{6CC1A4C8-5461-492B-A93D-D9A4B02BF64D} = {00B3E1E4-209B-4E66-8E24-5F836C54E1A6}
	EndGlobalSection
	GlobalSection(ExtensibilityGlobals) = postSolution
		SolutionGuid = {340D722A-CF5F-4062-9087-9C30A3F79CDA}
	EndGlobalSection
EndGlobal
