
Microsoft Visual Studio Solution File, Format Version 12.00
# Visual Studio Version 16
VisualStudioVersion = 16.0.29519.87
MinimumVisualStudioVersion = 10.0.40219.1
Project("{9A19103F-16F7-4668-BE54-9A1E7A4F7556}") = "Medifii.ApiGateway", "Src\Gateways\WebApi-Gateway\Medifii.ApiGateway.csproj", "{4A47470B-EC25-458B-853A-943B9DC75226}"
EndProject
Project("{9A19103F-16F7-4668-BE54-9A1E7A4F7556}") = "Medifii.AuthService", "Src\Microservices\Auth-Service\Medifii.AuthService\Medifii.AuthService.csproj", "{5275364F-01A4-4F74-B780-7C470C254404}"
EndProject
Project("{2150E333-8FDC-42A3-9474-1A3956D46DE8}") = "Gateways", "Gateways", "{7581CA23-8E79-4E18-A02A-E3715C6B0609}"
EndProject
Project("{2150E333-8FDC-42A3-9474-1A3956D46DE8}") = "Services", "Services", "{402CFAF7-3F43-4E1B-A7B2-B49A2AED8289}"
EndProject
Project("{2150E333-8FDC-42A3-9474-1A3956D46DE8}") = "AuthService", "AuthService", "{36003DD3-6E91-4B7C-B7EF-70D735FAADAD}"
EndProject
Project("{2150E333-8FDC-42A3-9474-1A3956D46DE8}") = "ScraperService", "ScraperService", "{085C2C2F-34AC-4CE7-BBB4-D22090382D33}"
EndProject
Project("{9A19103F-16F7-4668-BE54-9A1E7A4F7556}") = "Medifii.ScraperService", "Src\Microservices\Scraper-Service\Medifii.ScraperService\Medifii.ScraperService.csproj", "{E8105D80-399F-4700-863B-F75F1D8BC1A5}"
EndProject
Project("{9A19103F-16F7-4668-BE54-9A1E7A4F7556}") = "Medifii.ScraperService.Infrastructure", "Src\Microservices\Scraper-Service\Medifii.ScraperService.Infrastructure\Medifii.ScraperService.Infrastructure.csproj", "{C7A61A0A-9E73-4ECE-B103-95CC750C2AA6}"
EndProject
Project("{2150E333-8FDC-42A3-9474-1A3956D46DE8}") = "ProductService", "ProductService", "{AEDF8A24-C7A2-4442-AF29-26CD74CE5452}"
EndProject
Project("{2150E333-8FDC-42A3-9474-1A3956D46DE8}") = "ProductService.DomainModel", "ProductService.DomainModel", "{4E7A3F36-3A4C-4B2E-9CAB-5CEB353B08F6}"
EndProject
Project("{2150E333-8FDC-42A3-9474-1A3956D46DE8}") = "ProductService.DomainService", "ProductService.DomainService", "{AE4E71A7-C1B5-4BE4-9744-9BF96D5DAC50}"
EndProject
Project("{2150E333-8FDC-42A3-9474-1A3956D46DE8}") = "ProductService.Business", "ProductService.Business", "{626EB991-0798-430D-8D1C-CCDD6311E7BA}"
EndProject
Project("{FAE04EC0-301F-11D3-BF4B-00C04F79EFBC}") = "Medifii.ProductService.Services", "Src\Microservices\Product-Service\ProductService.Business\Medifii.ProductService.Services\Medifii.ProductService.Services.csproj", "{2720F34A-D4EC-405E-B6F1-7D6EFD674F9F}"
EndProject
Project("{FAE04EC0-301F-11D3-BF4B-00C04F79EFBC}") = "Medifii.ProductService.Data", "Src\Microservices\Product-Service\ProductService.DomainModel\Medifii.ProductService.Data\Medifii.ProductService.Data.csproj", "{7EE74503-699F-46B5-857C-1B849DF4961B}"
EndProject
Project("{FAE04EC0-301F-11D3-BF4B-00C04F79EFBC}") = "Medifii.ProductService.Persistence", "Src\Microservices\Product-Service\ProductService.DomainModel\Medifii.ProductService.Persistance\Medifii.ProductService.Persistence.csproj", "{B01921CE-0A34-4298-A8C6-C7F846B75D19}"
EndProject
Project("{FAE04EC0-301F-11D3-BF4B-00C04F79EFBC}") = "Medifii.ProductService.Repositories", "Src\Microservices\Product-Service\ProductService.DomainService\Medifii.ProductService.Repositories\Medifii.ProductService.Repositories.csproj", "{8F1974F8-13FA-483D-A7D3-CDE095C0460E}"
EndProject
Project("{FAE04EC0-301F-11D3-BF4B-00C04F79EFBC}") = "Medifii.ProductService", "Src\Microservices\Product-Service\Medifii.ProductService\Medifii.ProductService.csproj", "{9831CA3C-C5F8-4AB5-8B4C-1867F7C0CCD6}"
EndProject
Global
	GlobalSection(SolutionConfigurationPlatforms) = preSolution
		Debug|Any CPU = Debug|Any CPU
		Debug|x64 = Debug|x64
		Debug|x86 = Debug|x86
		Release|Any CPU = Release|Any CPU
		Release|x64 = Release|x64
		Release|x86 = Release|x86
	EndGlobalSection
	GlobalSection(ProjectConfigurationPlatforms) = postSolution
		{4A47470B-EC25-458B-853A-943B9DC75226}.Debug|Any CPU.ActiveCfg = Debug|Any CPU
		{4A47470B-EC25-458B-853A-943B9DC75226}.Debug|Any CPU.Build.0 = Debug|Any CPU
		{4A47470B-EC25-458B-853A-943B9DC75226}.Debug|x64.ActiveCfg = Debug|Any CPU
		{4A47470B-EC25-458B-853A-943B9DC75226}.Debug|x64.Build.0 = Debug|Any CPU
		{4A47470B-EC25-458B-853A-943B9DC75226}.Debug|x86.ActiveCfg = Debug|Any CPU
		{4A47470B-EC25-458B-853A-943B9DC75226}.Debug|x86.Build.0 = Debug|Any CPU
		{4A47470B-EC25-458B-853A-943B9DC75226}.Release|Any CPU.ActiveCfg = Release|Any CPU
		{4A47470B-EC25-458B-853A-943B9DC75226}.Release|Any CPU.Build.0 = Release|Any CPU
		{4A47470B-EC25-458B-853A-943B9DC75226}.Release|x64.ActiveCfg = Release|Any CPU
		{4A47470B-EC25-458B-853A-943B9DC75226}.Release|x64.Build.0 = Release|Any CPU
		{4A47470B-EC25-458B-853A-943B9DC75226}.Release|x86.ActiveCfg = Release|Any CPU
		{4A47470B-EC25-458B-853A-943B9DC75226}.Release|x86.Build.0 = Release|Any CPU
		{5275364F-01A4-4F74-B780-7C470C254404}.Debug|Any CPU.ActiveCfg = Debug|Any CPU
		{5275364F-01A4-4F74-B780-7C470C254404}.Debug|Any CPU.Build.0 = Debug|Any CPU
		{5275364F-01A4-4F74-B780-7C470C254404}.Debug|x64.ActiveCfg = Debug|Any CPU
		{5275364F-01A4-4F74-B780-7C470C254404}.Debug|x64.Build.0 = Debug|Any CPU
		{5275364F-01A4-4F74-B780-7C470C254404}.Debug|x86.ActiveCfg = Debug|Any CPU
		{5275364F-01A4-4F74-B780-7C470C254404}.Debug|x86.Build.0 = Debug|Any CPU
		{5275364F-01A4-4F74-B780-7C470C254404}.Release|Any CPU.ActiveCfg = Release|Any CPU
		{5275364F-01A4-4F74-B780-7C470C254404}.Release|Any CPU.Build.0 = Release|Any CPU
		{5275364F-01A4-4F74-B780-7C470C254404}.Release|x64.ActiveCfg = Release|Any CPU
		{5275364F-01A4-4F74-B780-7C470C254404}.Release|x64.Build.0 = Release|Any CPU
		{5275364F-01A4-4F74-B780-7C470C254404}.Release|x86.ActiveCfg = Release|Any CPU
		{5275364F-01A4-4F74-B780-7C470C254404}.Release|x86.Build.0 = Release|Any CPU
		{E8105D80-399F-4700-863B-F75F1D8BC1A5}.Debug|Any CPU.ActiveCfg = Debug|Any CPU
		{E8105D80-399F-4700-863B-F75F1D8BC1A5}.Debug|Any CPU.Build.0 = Debug|Any CPU
		{E8105D80-399F-4700-863B-F75F1D8BC1A5}.Debug|x64.ActiveCfg = Debug|Any CPU
		{E8105D80-399F-4700-863B-F75F1D8BC1A5}.Debug|x64.Build.0 = Debug|Any CPU
		{E8105D80-399F-4700-863B-F75F1D8BC1A5}.Debug|x86.ActiveCfg = Debug|Any CPU
		{E8105D80-399F-4700-863B-F75F1D8BC1A5}.Debug|x86.Build.0 = Debug|Any CPU
		{E8105D80-399F-4700-863B-F75F1D8BC1A5}.Release|Any CPU.ActiveCfg = Release|Any CPU
		{E8105D80-399F-4700-863B-F75F1D8BC1A5}.Release|Any CPU.Build.0 = Release|Any CPU
		{E8105D80-399F-4700-863B-F75F1D8BC1A5}.Release|x64.ActiveCfg = Release|Any CPU
		{E8105D80-399F-4700-863B-F75F1D8BC1A5}.Release|x64.Build.0 = Release|Any CPU
		{E8105D80-399F-4700-863B-F75F1D8BC1A5}.Release|x86.ActiveCfg = Release|Any CPU
		{E8105D80-399F-4700-863B-F75F1D8BC1A5}.Release|x86.Build.0 = Release|Any CPU
		{C7A61A0A-9E73-4ECE-B103-95CC750C2AA6}.Debug|Any CPU.ActiveCfg = Debug|Any CPU
		{C7A61A0A-9E73-4ECE-B103-95CC750C2AA6}.Debug|Any CPU.Build.0 = Debug|Any CPU
		{C7A61A0A-9E73-4ECE-B103-95CC750C2AA6}.Debug|x64.ActiveCfg = Debug|Any CPU
		{C7A61A0A-9E73-4ECE-B103-95CC750C2AA6}.Debug|x64.Build.0 = Debug|Any CPU
		{C7A61A0A-9E73-4ECE-B103-95CC750C2AA6}.Debug|x86.ActiveCfg = Debug|Any CPU
		{C7A61A0A-9E73-4ECE-B103-95CC750C2AA6}.Debug|x86.Build.0 = Debug|Any CPU
		{C7A61A0A-9E73-4ECE-B103-95CC750C2AA6}.Release|Any CPU.ActiveCfg = Release|Any CPU
		{C7A61A0A-9E73-4ECE-B103-95CC750C2AA6}.Release|Any CPU.Build.0 = Release|Any CPU
		{C7A61A0A-9E73-4ECE-B103-95CC750C2AA6}.Release|x64.ActiveCfg = Release|Any CPU
		{C7A61A0A-9E73-4ECE-B103-95CC750C2AA6}.Release|x64.Build.0 = Release|Any CPU
		{C7A61A0A-9E73-4ECE-B103-95CC750C2AA6}.Release|x86.ActiveCfg = Release|Any CPU
		{C7A61A0A-9E73-4ECE-B103-95CC750C2AA6}.Release|x86.Build.0 = Release|Any CPU
		{2720F34A-D4EC-405E-B6F1-7D6EFD674F9F}.Debug|Any CPU.ActiveCfg = Debug|Any CPU
		{2720F34A-D4EC-405E-B6F1-7D6EFD674F9F}.Debug|Any CPU.Build.0 = Debug|Any CPU
		{2720F34A-D4EC-405E-B6F1-7D6EFD674F9F}.Debug|x64.ActiveCfg = Debug|Any CPU
		{2720F34A-D4EC-405E-B6F1-7D6EFD674F9F}.Debug|x64.Build.0 = Debug|Any CPU
		{2720F34A-D4EC-405E-B6F1-7D6EFD674F9F}.Debug|x86.ActiveCfg = Debug|Any CPU
		{2720F34A-D4EC-405E-B6F1-7D6EFD674F9F}.Debug|x86.Build.0 = Debug|Any CPU
		{2720F34A-D4EC-405E-B6F1-7D6EFD674F9F}.Release|Any CPU.ActiveCfg = Release|Any CPU
		{2720F34A-D4EC-405E-B6F1-7D6EFD674F9F}.Release|Any CPU.Build.0 = Release|Any CPU
		{2720F34A-D4EC-405E-B6F1-7D6EFD674F9F}.Release|x64.ActiveCfg = Release|Any CPU
		{2720F34A-D4EC-405E-B6F1-7D6EFD674F9F}.Release|x64.Build.0 = Release|Any CPU
		{2720F34A-D4EC-405E-B6F1-7D6EFD674F9F}.Release|x86.ActiveCfg = Release|Any CPU
		{2720F34A-D4EC-405E-B6F1-7D6EFD674F9F}.Release|x86.Build.0 = Release|Any CPU
		{7EE74503-699F-46B5-857C-1B849DF4961B}.Debug|Any CPU.ActiveCfg = Debug|Any CPU
		{7EE74503-699F-46B5-857C-1B849DF4961B}.Debug|Any CPU.Build.0 = Debug|Any CPU
		{7EE74503-699F-46B5-857C-1B849DF4961B}.Debug|x64.ActiveCfg = Debug|Any CPU
		{7EE74503-699F-46B5-857C-1B849DF4961B}.Debug|x64.Build.0 = Debug|Any CPU
		{7EE74503-699F-46B5-857C-1B849DF4961B}.Debug|x86.ActiveCfg = Debug|Any CPU
		{7EE74503-699F-46B5-857C-1B849DF4961B}.Debug|x86.Build.0 = Debug|Any CPU
		{7EE74503-699F-46B5-857C-1B849DF4961B}.Release|Any CPU.ActiveCfg = Release|Any CPU
		{7EE74503-699F-46B5-857C-1B849DF4961B}.Release|Any CPU.Build.0 = Release|Any CPU
		{7EE74503-699F-46B5-857C-1B849DF4961B}.Release|x64.ActiveCfg = Release|Any CPU
		{7EE74503-699F-46B5-857C-1B849DF4961B}.Release|x64.Build.0 = Release|Any CPU
		{7EE74503-699F-46B5-857C-1B849DF4961B}.Release|x86.ActiveCfg = Release|Any CPU
		{7EE74503-699F-46B5-857C-1B849DF4961B}.Release|x86.Build.0 = Release|Any CPU
		{B01921CE-0A34-4298-A8C6-C7F846B75D19}.Debug|Any CPU.ActiveCfg = Debug|Any CPU
		{B01921CE-0A34-4298-A8C6-C7F846B75D19}.Debug|Any CPU.Build.0 = Debug|Any CPU
		{B01921CE-0A34-4298-A8C6-C7F846B75D19}.Debug|x64.ActiveCfg = Debug|Any CPU
		{B01921CE-0A34-4298-A8C6-C7F846B75D19}.Debug|x64.Build.0 = Debug|Any CPU
		{B01921CE-0A34-4298-A8C6-C7F846B75D19}.Debug|x86.ActiveCfg = Debug|Any CPU
		{B01921CE-0A34-4298-A8C6-C7F846B75D19}.Debug|x86.Build.0 = Debug|Any CPU
		{B01921CE-0A34-4298-A8C6-C7F846B75D19}.Release|Any CPU.ActiveCfg = Release|Any CPU
		{B01921CE-0A34-4298-A8C6-C7F846B75D19}.Release|Any CPU.Build.0 = Release|Any CPU
		{B01921CE-0A34-4298-A8C6-C7F846B75D19}.Release|x64.ActiveCfg = Release|Any CPU
		{B01921CE-0A34-4298-A8C6-C7F846B75D19}.Release|x64.Build.0 = Release|Any CPU
		{B01921CE-0A34-4298-A8C6-C7F846B75D19}.Release|x86.ActiveCfg = Release|Any CPU
		{B01921CE-0A34-4298-A8C6-C7F846B75D19}.Release|x86.Build.0 = Release|Any CPU
		{8F1974F8-13FA-483D-A7D3-CDE095C0460E}.Debug|Any CPU.ActiveCfg = Debug|Any CPU
		{8F1974F8-13FA-483D-A7D3-CDE095C0460E}.Debug|Any CPU.Build.0 = Debug|Any CPU
		{8F1974F8-13FA-483D-A7D3-CDE095C0460E}.Debug|x64.ActiveCfg = Debug|Any CPU
		{8F1974F8-13FA-483D-A7D3-CDE095C0460E}.Debug|x64.Build.0 = Debug|Any CPU
		{8F1974F8-13FA-483D-A7D3-CDE095C0460E}.Debug|x86.ActiveCfg = Debug|Any CPU
		{8F1974F8-13FA-483D-A7D3-CDE095C0460E}.Debug|x86.Build.0 = Debug|Any CPU
		{8F1974F8-13FA-483D-A7D3-CDE095C0460E}.Release|Any CPU.ActiveCfg = Release|Any CPU
		{8F1974F8-13FA-483D-A7D3-CDE095C0460E}.Release|Any CPU.Build.0 = Release|Any CPU
		{8F1974F8-13FA-483D-A7D3-CDE095C0460E}.Release|x64.ActiveCfg = Release|Any CPU
		{8F1974F8-13FA-483D-A7D3-CDE095C0460E}.Release|x64.Build.0 = Release|Any CPU
		{8F1974F8-13FA-483D-A7D3-CDE095C0460E}.Release|x86.ActiveCfg = Release|Any CPU
		{8F1974F8-13FA-483D-A7D3-CDE095C0460E}.Release|x86.Build.0 = Release|Any CPU
		{9831CA3C-C5F8-4AB5-8B4C-1867F7C0CCD6}.Debug|Any CPU.ActiveCfg = Debug|Any CPU
		{9831CA3C-C5F8-4AB5-8B4C-1867F7C0CCD6}.Debug|Any CPU.Build.0 = Debug|Any CPU
		{9831CA3C-C5F8-4AB5-8B4C-1867F7C0CCD6}.Debug|x64.ActiveCfg = Debug|Any CPU
		{9831CA3C-C5F8-4AB5-8B4C-1867F7C0CCD6}.Debug|x64.Build.0 = Debug|Any CPU
		{9831CA3C-C5F8-4AB5-8B4C-1867F7C0CCD6}.Debug|x86.ActiveCfg = Debug|Any CPU
		{9831CA3C-C5F8-4AB5-8B4C-1867F7C0CCD6}.Debug|x86.Build.0 = Debug|Any CPU
		{9831CA3C-C5F8-4AB5-8B4C-1867F7C0CCD6}.Release|Any CPU.ActiveCfg = Release|Any CPU
		{9831CA3C-C5F8-4AB5-8B4C-1867F7C0CCD6}.Release|Any CPU.Build.0 = Release|Any CPU
		{9831CA3C-C5F8-4AB5-8B4C-1867F7C0CCD6}.Release|x64.ActiveCfg = Release|Any CPU
		{9831CA3C-C5F8-4AB5-8B4C-1867F7C0CCD6}.Release|x64.Build.0 = Release|Any CPU
		{9831CA3C-C5F8-4AB5-8B4C-1867F7C0CCD6}.Release|x86.ActiveCfg = Release|Any CPU
		{9831CA3C-C5F8-4AB5-8B4C-1867F7C0CCD6}.Release|x86.Build.0 = Release|Any CPU
	EndGlobalSection
	GlobalSection(SolutionProperties) = preSolution
		HideSolutionNode = FALSE
	EndGlobalSection
	GlobalSection(NestedProjects) = preSolution
		{4A47470B-EC25-458B-853A-943B9DC75226} = {7581CA23-8E79-4E18-A02A-E3715C6B0609}
		{5275364F-01A4-4F74-B780-7C470C254404} = {36003DD3-6E91-4B7C-B7EF-70D735FAADAD}
		{36003DD3-6E91-4B7C-B7EF-70D735FAADAD} = {402CFAF7-3F43-4E1B-A7B2-B49A2AED8289}
		{085C2C2F-34AC-4CE7-BBB4-D22090382D33} = {402CFAF7-3F43-4E1B-A7B2-B49A2AED8289}
		{E8105D80-399F-4700-863B-F75F1D8BC1A5} = {085C2C2F-34AC-4CE7-BBB4-D22090382D33}
		{C7A61A0A-9E73-4ECE-B103-95CC750C2AA6} = {085C2C2F-34AC-4CE7-BBB4-D22090382D33}
		{AEDF8A24-C7A2-4442-AF29-26CD74CE5452} = {402CFAF7-3F43-4E1B-A7B2-B49A2AED8289}
		{4E7A3F36-3A4C-4B2E-9CAB-5CEB353B08F6} = {AEDF8A24-C7A2-4442-AF29-26CD74CE5452}
		{AE4E71A7-C1B5-4BE4-9744-9BF96D5DAC50} = {AEDF8A24-C7A2-4442-AF29-26CD74CE5452}
		{626EB991-0798-430D-8D1C-CCDD6311E7BA} = {AEDF8A24-C7A2-4442-AF29-26CD74CE5452}
		{2720F34A-D4EC-405E-B6F1-7D6EFD674F9F} = {626EB991-0798-430D-8D1C-CCDD6311E7BA}
		{7EE74503-699F-46B5-857C-1B849DF4961B} = {4E7A3F36-3A4C-4B2E-9CAB-5CEB353B08F6}
		{B01921CE-0A34-4298-A8C6-C7F846B75D19} = {4E7A3F36-3A4C-4B2E-9CAB-5CEB353B08F6}
		{8F1974F8-13FA-483D-A7D3-CDE095C0460E} = {AE4E71A7-C1B5-4BE4-9744-9BF96D5DAC50}
		{9831CA3C-C5F8-4AB5-8B4C-1867F7C0CCD6} = {AEDF8A24-C7A2-4442-AF29-26CD74CE5452}
	EndGlobalSection
	GlobalSection(ExtensibilityGlobals) = postSolution
		SolutionGuid = {340D722A-CF5F-4062-9087-9C30A3F79CDA}
	EndGlobalSection
EndGlobal
