
Microsoft Visual Studio Solution File, Format Version 12.00
# Visual Studio Version 16
VisualStudioVersion = 16.0.29519.87
MinimumVisualStudioVersion = 10.0.40219.1
Project("{FAE04EC0-301F-11D3-BF4B-00C04F79EFBC}") = "Medifii.ApiGateway", "Medifii.ApiGateway\Medifii.ApiGateway.csproj", "{4A47470B-EC25-458B-853A-943B9DC75226}"
EndProject
Project("{FAE04EC0-301F-11D3-BF4B-00C04F79EFBC}") = "Medifii.AuthService", "Medifii.AuthService\Medifii.AuthService.csproj", "{5275364F-01A4-4F74-B780-7C470C254404}"
EndProject
Global
	GlobalSection(SolutionConfigurationPlatforms) = preSolution
		Debug|Any CPU = Debug|Any CPU
		Release|Any CPU = Release|Any CPU
	EndGlobalSection
	GlobalSection(ProjectConfigurationPlatforms) = postSolution
		{4A47470B-EC25-458B-853A-943B9DC75226}.Debug|Any CPU.ActiveCfg = Debug|Any CPU
		{4A47470B-EC25-458B-853A-943B9DC75226}.Debug|Any CPU.Build.0 = Debug|Any CPU
		{4A47470B-EC25-458B-853A-943B9DC75226}.Release|Any CPU.ActiveCfg = Release|Any CPU
		{4A47470B-EC25-458B-853A-943B9DC75226}.Release|Any CPU.Build.0 = Release|Any CPU
		{5275364F-01A4-4F74-B780-7C470C254404}.Debug|Any CPU.ActiveCfg = Debug|Any CPU
		{5275364F-01A4-4F74-B780-7C470C254404}.Debug|Any CPU.Build.0 = Debug|Any CPU
		{5275364F-01A4-4F74-B780-7C470C254404}.Release|Any CPU.ActiveCfg = Release|Any CPU
		{5275364F-01A4-4F74-B780-7C470C254404}.Release|Any CPU.Build.0 = Release|Any CPU
	EndGlobalSection
	GlobalSection(SolutionProperties) = preSolution
		HideSolutionNode = FALSE
	EndGlobalSection
	GlobalSection(ExtensibilityGlobals) = postSolution
		SolutionGuid = {340D722A-CF5F-4062-9087-9C30A3F79CDA}
	EndGlobalSection
EndGlobal
